// !$*UTF8*$!
{
	archiveVersion = 1;
	classes = {
	};
	objectVersion = 77;
	objects = {

/* Begin PBXBuildFile section */
		120D1D23AF7D7A6ED4F9C30B /* Localizable.xcstrings in Resources */ = {isa = PBXBuildFile; fileRef = B4B7954A28308468DEDC90A6 /* Localizable.xcstrings */; };
		12CC8BBF633E32843312794F /* Models.swift in Sources */ = {isa = PBXBuildFile; fileRef = 07A405BA7B806E2DC02041EF /* Models.swift */; };
		1E26A1032467F343E81E4D3F /* CodexUsageClient.swift in Sources */ = {isa = PBXBuildFile; fileRef = BCD2B2CF9C3C9F5B4CEC5214 /* CodexUsageClient.swift */; };
		2612B148D9FEBCCACB6DEAC9 /* ApplicationModel.swift in Sources */ = {isa = PBXBuildFile; fileRef = B085EC2C529135E883334221 /* ApplicationModel.swift */; };
		2A3491980FF49B5044579D12 /* RichNoteEditor.swift in Sources */ = {isa = PBXBuildFile; fileRef = C78FDA36EF9852054A69F4FC /* RichNoteEditor.swift */; };
		3A4D60E9EADBA78F463254CE /* PersistenceStore.swift in Sources */ = {isa = PBXBuildFile; fileRef = A42868A88B0012A796066256 /* PersistenceStore.swift */; };
		46481F9C22F218FF4126AA12 /* EventParser.swift in Sources */ = {isa = PBXBuildFile; fileRef = 0F9553D20875654558957CCC /* EventParser.swift */; };
		48BF0988B2DABDCFB60853FB /* AppDelegate.swift in Sources */ = {isa = PBXBuildFile; fileRef = F8AB48B9CE26A6CE8290F0B3 /* AppDelegate.swift */; };
		49D65693E79C385DE347813C /* TopBarGeometryTests.swift in Sources */ = {isa = PBXBuildFile; fileRef = EC72288885141106DBF78AFF /* TopBarGeometryTests.swift */; };
		4E156232B1F9ACD4E2BA39FD /* FunVoiceGenerator.swift in Sources */ = {isa = PBXBuildFile; fileRef = 2905A3945D05BB44EC7A15B1 /* FunVoiceGenerator.swift */; };
		6A46A8BF0B1187C8684A98B3 /* CodexForegroundPolicyTests.swift in Sources */ = {isa = PBXBuildFile; fileRef = 7766F6B062DAC8F355E2019F /* CodexForegroundPolicyTests.swift */; };
		6F79947C274FF0968B67CB5E /* EventParserTests.swift in Sources */ = {isa = PBXBuildFile; fileRef = 9C113A2227E789D7111F8FBC /* EventParserTests.swift */; };
		71F070C64DBCC3A84D4FF97D /* GlobalHotKey.swift in Sources */ = {isa = PBXBuildFile; fileRef = A80A953F9591C81724BD06E5 /* GlobalHotKey.swift */; };
		72D2031EC58EAE656E44E02D /* LocalCodexEventSource.swift in Sources */ = {isa = PBXBuildFile; fileRef = 65E1A3EF965322B4219BF32B /* LocalCodexEventSource.swift */; };
		8151A9AF95962D323E90B08B /* IslandView.swift in Sources */ = {isa = PBXBuildFile; fileRef = 6A7A9337E2BAEDBB2C8F1F5A /* IslandView.swift */; };
		86FF86B3C978E55BB74DF539 /* IslandWindowController.swift in Sources */ = {isa = PBXBuildFile; fileRef = 09358BE60422E95B43B78348 /* IslandWindowController.swift */; };
		895A9058AA92C02A424528DE /* NotesWorkspaceView.swift in Sources */ = {isa = PBXBuildFile; fileRef = 30058CD2686869B7ABD2F824 /* NotesWorkspaceView.swift */; };
		92C74B8001F7A1471AE816C6 /* NoteModels.swift in Sources */ = {isa = PBXBuildFile; fileRef = 45E2C798DC138F5A02EB30B1 /* NoteModels.swift */; };
		95B7116D40035E85AFF919AD /* CodexTodoDiscovery.swift in Sources */ = {isa = PBXBuildFile; fileRef = 86E794AF1ED59BF934272B6F /* CodexTodoDiscovery.swift */; };
		95E71907ABFE292A5046DF03 /* PrivacyInfo.xcprivacy in Resources */ = {isa = PBXBuildFile; fileRef = D3C6AB3D542F3FF39D2D5982 /* PrivacyInfo.xcprivacy */; };
		A0133F4A5F30EDBF40D3343F /* NoteLibraryTests.swift in Sources */ = {isa = PBXBuildFile; fileRef = 4056EE308AE87425BF6C1446 /* NoteLibraryTests.swift */; };
		A0B33600C39F0FE98CDBE226 /* CodexDatabase.swift in Sources */ = {isa = PBXBuildFile; fileRef = 94E37FA9CDC2BC9033EB8554 /* CodexDatabase.swift */; };
		A2A9D95BD89F35FB2DD1D357 /* AppSettings.swift in Sources */ = {isa = PBXBuildFile; fileRef = 0E5F9291B413C5404424F197 /* AppSettings.swift */; };
		A409393D43E796E6397CFE2F /* LocalSpeechTranscriber.swift in Sources */ = {isa = PBXBuildFile; fileRef = 895353A694E0B4559232CD57 /* LocalSpeechTranscriber.swift */; };
		ADA4A7C801FFC904EB14C946 /* Assets.xcassets in Resources */ = {isa = PBXBuildFile; fileRef = 4D14BBC4E6050A5B09C6DD65 /* Assets.xcassets */; };
		ADE8DFE651097BD87B4E7F09 /* AudioNotifier.swift in Sources */ = {isa = PBXBuildFile; fileRef = 48DF781B4E20E5D63A3DAF64 /* AudioNotifier.swift */; };
		B91355DADCD765AD7C3CDE7F /* Localization.swift in Sources */ = {isa = PBXBuildFile; fileRef = FE6F828E44DE79DC1B8CE48E /* Localization.swift */; };
		CC7543200EB60898DA44642D /* NoteLibraryModel.swift in Sources */ = {isa = PBXBuildFile; fileRef = E40F22DDF27216AFE6E07924 /* NoteLibraryModel.swift */; };
		D298299CA0E073EA5B2F16B0 /* FunVoiceModels.swift in Sources */ = {isa = PBXBuildFile; fileRef = 48075AD716923D19D0CB402C /* FunVoiceModels.swift */; };
		D83EB079A1987E18F205DEDC /* NotePersistenceStore.swift in Sources */ = {isa = PBXBuildFile; fileRef = A00738D0FC54A58255D85E28 /* NotePersistenceStore.swift */; };
		DC91AFC688CD9C048466E36B /* CodexDataAccess.swift in Sources */ = {isa = PBXBuildFile; fileRef = 4221803BE62F6E8F3A521F2F /* CodexDataAccess.swift */; };
		DDBDEFFCA503D6E3F5406499 /* SettingsView.swift in Sources */ = {isa = PBXBuildFile; fileRef = 0B9966FB25D1E21361D2685A /* SettingsView.swift */; };
		E2CE9895BBEEFD4A92CDCBE3 /* InfoPlist.xcstrings in Resources */ = {isa = PBXBuildFile; fileRef = E63E0A18F389250C6239788E /* InfoPlist.xcstrings */; };
		E519912DA372DA005F8DE8A1 /* CodexTodoReviewView.swift in Sources */ = {isa = PBXBuildFile; fileRef = 7AD8FCD01DD49F648E6FEA4E /* CodexTodoReviewView.swift */; };
		F5FBF9BA6AC4B8A74005F5EC /* AlertAudioRecorder.swift in Sources */ = {isa = PBXBuildFile; fileRef = FF5A2C93BAC4BC1EBBDF8FF9 /* AlertAudioRecorder.swift */; };
/* End PBXBuildFile section */

/* Begin PBXContainerItemProxy section */
		6F1999BBFBE21B33DC7DB192 /* PBXContainerItemProxy */ = {
			isa = PBXContainerItemProxy;
			containerPortal = DE57064614E774537C3ABE51 /* Project object */;
			proxyType = 1;
			remoteGlobalIDString = C8197D31A7B52E81FE6ABF86;
			remoteInfo = CodexIsland;
		};
/* End PBXContainerItemProxy section */

/* Begin PBXFileReference section */
		07A405BA7B806E2DC02041EF /* Models.swift */ = {isa = PBXFileReference; lastKnownFileType = sourcecode.swift; path = Models.swift; sourceTree = "<group>"; };
		09358BE60422E95B43B78348 /* IslandWindowController.swift */ = {isa = PBXFileReference; lastKnownFileType = sourcecode.swift; path = IslandWindowController.swift; sourceTree = "<group>"; };
		0B9966FB25D1E21361D2685A /* SettingsView.swift */ = {isa = PBXFileReference; lastKnownFileType = sourcecode.swift; path = SettingsView.swift; sourceTree = "<group>"; };
		0E5F9291B413C5404424F197 /* AppSettings.swift */ = {isa = PBXFileReference; lastKnownFileType = sourcecode.swift; path = AppSettings.swift; sourceTree = "<group>"; };
		0F9553D20875654558957CCC /* EventParser.swift */ = {isa = PBXFileReference; lastKnownFileType = sourcecode.swift; path = EventParser.swift; sourceTree = "<group>"; };
		2905A3945D05BB44EC7A15B1 /* FunVoiceGenerator.swift */ = {isa = PBXFileReference; lastKnownFileType = sourcecode.swift; path = FunVoiceGenerator.swift; sourceTree = "<group>"; };
		30058CD2686869B7ABD2F824 /* NotesWorkspaceView.swift */ = {isa = PBXFileReference; lastKnownFileType = sourcecode.swift; path = NotesWorkspaceView.swift; sourceTree = "<group>"; };
		4056EE308AE87425BF6C1446 /* NoteLibraryTests.swift */ = {isa = PBXFileReference; lastKnownFileType = sourcecode.swift; path = NoteLibraryTests.swift; sourceTree = "<group>"; };
		4221803BE62F6E8F3A521F2F /* CodexDataAccess.swift */ = {isa = PBXFileReference; lastKnownFileType = sourcecode.swift; path = CodexDataAccess.swift; sourceTree = "<group>"; };
		45E2C798DC138F5A02EB30B1 /* NoteModels.swift */ = {isa = PBXFileReference; lastKnownFileType = sourcecode.swift; path = NoteModels.swift; sourceTree = "<group>"; };
		48075AD716923D19D0CB402C /* FunVoiceModels.swift */ = {isa = PBXFileReference; lastKnownFileType = sourcecode.swift; path = FunVoiceModels.swift; sourceTree = "<group>"; };
		48DF781B4E20E5D63A3DAF64 /* AudioNotifier.swift */ = {isa = PBXFileReference; lastKnownFileType = sourcecode.swift; path = AudioNotifier.swift; sourceTree = "<group>"; };
		4D14BBC4E6050A5B09C6DD65 /* Assets.xcassets */ = {isa = PBXFileReference; lastKnownFileType = folder.assetcatalog; path = Assets.xcassets; sourceTree = "<group>"; };
		65E1A3EF965322B4219BF32B /* LocalCodexEventSource.swift */ = {isa = PBXFileReference; lastKnownFileType = sourcecode.swift; path = LocalCodexEventSource.swift; sourceTree = "<group>"; };
		6A7A9337E2BAEDBB2C8F1F5A /* IslandView.swift */ = {isa = PBXFileReference; lastKnownFileType = sourcecode.swift; path = IslandView.swift; sourceTree = "<group>"; };
		76387701D83D8864141755A4 /* CodexIslandTests.xctest */ = {isa = PBXFileReference; explicitFileType = wrapper.cfbundle; includeInIndex = 0; path = CodexIslandTests.xctest; sourceTree = BUILT_PRODUCTS_DIR; };
		7766F6B062DAC8F355E2019F /* CodexForegroundPolicyTests.swift */ = {isa = PBXFileReference; lastKnownFileType = sourcecode.swift; path = CodexForegroundPolicyTests.swift; sourceTree = "<group>"; };
		7AD8FCD01DD49F648E6FEA4E /* CodexTodoReviewView.swift */ = {isa = PBXFileReference; lastKnownFileType = sourcecode.swift; path = CodexTodoReviewView.swift; sourceTree = "<group>"; };
		86E794AF1ED59BF934272B6F /* CodexTodoDiscovery.swift */ = {isa = PBXFileReference; lastKnownFileType = sourcecode.swift; path = CodexTodoDiscovery.swift; sourceTree = "<group>"; };
		895353A694E0B4559232CD57 /* LocalSpeechTranscriber.swift */ = {isa = PBXFileReference; lastKnownFileType = sourcecode.swift; path = LocalSpeechTranscriber.swift; sourceTree = "<group>"; };
		94E37FA9CDC2BC9033EB8554 /* CodexDatabase.swift */ = {isa = PBXFileReference; lastKnownFileType = sourcecode.swift; path = CodexDatabase.swift; sourceTree = "<group>"; };
		9C113A2227E789D7111F8FBC /* EventParserTests.swift */ = {isa = PBXFileReference; lastKnownFileType = sourcecode.swift; path = EventParserTests.swift; sourceTree = "<group>"; };
		A00738D0FC54A58255D85E28 /* NotePersistenceStore.swift */ = {isa = PBXFileReference; lastKnownFileType = sourcecode.swift; path = NotePersistenceStore.swift; sourceTree = "<group>"; };
		A42868A88B0012A796066256 /* PersistenceStore.swift */ = {isa = PBXFileReference; lastKnownFileType = sourcecode.swift; path = PersistenceStore.swift; sourceTree = "<group>"; };
		A80A953F9591C81724BD06E5 /* GlobalHotKey.swift */ = {isa = PBXFileReference; lastKnownFileType = sourcecode.swift; path = GlobalHotKey.swift; sourceTree = "<group>"; };
		B085EC2C529135E883334221 /* ApplicationModel.swift */ = {isa = PBXFileReference; lastKnownFileType = sourcecode.swift; path = ApplicationModel.swift; sourceTree = "<group>"; };
		B4B7954A28308468DEDC90A6 /* Localizable.xcstrings */ = {isa = PBXFileReference; lastKnownFileType = text.json.xcstrings; path = Localizable.xcstrings; sourceTree = "<group>"; };
		BCAE230238A1E94C84656DD6 /* CodexIsland.app */ = {isa = PBXFileReference; explicitFileType = wrapper.application; includeInIndex = 0; path = CodexIsland.app; sourceTree = BUILT_PRODUCTS_DIR; };
		BCD2B2CF9C3C9F5B4CEC5214 /* CodexUsageClient.swift */ = {isa = PBXFileReference; lastKnownFileType = sourcecode.swift; path = CodexUsageClient.swift; sourceTree = "<group>"; };
		C78FDA36EF9852054A69F4FC /* RichNoteEditor.swift */ = {isa = PBXFileReference; lastKnownFileType = sourcecode.swift; path = RichNoteEditor.swift; sourceTree = "<group>"; };
		D3C6AB3D542F3FF39D2D5982 /* PrivacyInfo.xcprivacy */ = {isa = PBXFileReference; path = PrivacyInfo.xcprivacy; sourceTree = "<group>"; };
		E40F22DDF27216AFE6E07924 /* NoteLibraryModel.swift */ = {isa = PBXFileReference; lastKnownFileType = sourcecode.swift; path = NoteLibraryModel.swift; sourceTree = "<group>"; };
		E63E0A18F389250C6239788E /* InfoPlist.xcstrings */ = {isa = PBXFileReference; lastKnownFileType = text.json.xcstrings; path = InfoPlist.xcstrings; sourceTree = "<group>"; };
		EC72288885141106DBF78AFF /* TopBarGeometryTests.swift */ = {isa = PBXFileReference; lastKnownFileType = sourcecode.swift; path = TopBarGeometryTests.swift; sourceTree = "<group>"; };
		F8AB48B9CE26A6CE8290F0B3 /* AppDelegate.swift */ = {isa = PBXFileReference; lastKnownFileType = sourcecode.swift; path = AppDelegate.swift; sourceTree = "<group>"; };
		FE6F828E44DE79DC1B8CE48E /* Localization.swift */ = {isa = PBXFileReference; lastKnownFileType = sourcecode.swift; path = Localization.swift; sourceTree = "<group>"; };
		FF5A2C93BAC4BC1EBBDF8FF9 /* AlertAudioRecorder.swift */ = {isa = PBXFileReference; lastKnownFileType = sourcecode.swift; path = AlertAudioRecorder.swift; sourceTree = "<group>"; };
/* End PBXFileReference section */

/* Begin PBXGroup section */
		1E53B7F58DBBFEBB51D6535C /* CodexIsland */ = {
			isa = PBXGroup;
			children = (
				F8AB48B9CE26A6CE8290F0B3 /* AppDelegate.swift */,
				7021E712CA9B9DB250EBDFC1 /* Core */,
				644E44D0F0DA94A9AB196809 /* Services */,
				25FF767229B25CCDE617142A /* UI */,
			);
			name = CodexIsland;
			path = Sources/CodexIsland;
			sourceTree = "<group>";
		};
		25FF767229B25CCDE617142A /* UI */ = {
			isa = PBXGroup;
			children = (
				7AD8FCD01DD49F648E6FEA4E /* CodexTodoReviewView.swift */,
				6A7A9337E2BAEDBB2C8F1F5A /* IslandView.swift */,
				09358BE60422E95B43B78348 /* IslandWindowController.swift */,
				30058CD2686869B7ABD2F824 /* NotesWorkspaceView.swift */,
				C78FDA36EF9852054A69F4FC /* RichNoteEditor.swift */,
				0B9966FB25D1E21361D2685A /* SettingsView.swift */,
			);
			path = UI;
			sourceTree = "<group>";
		};
		644E44D0F0DA94A9AB196809 /* Services */ = {
			isa = PBXGroup;
			children = (
				FF5A2C93BAC4BC1EBBDF8FF9 /* AlertAudioRecorder.swift */,
				48DF781B4E20E5D63A3DAF64 /* AudioNotifier.swift */,
				4221803BE62F6E8F3A521F2F /* CodexDataAccess.swift */,
				94E37FA9CDC2BC9033EB8554 /* CodexDatabase.swift */,
				86E794AF1ED59BF934272B6F /* CodexTodoDiscovery.swift */,
				BCD2B2CF9C3C9F5B4CEC5214 /* CodexUsageClient.swift */,
				2905A3945D05BB44EC7A15B1 /* FunVoiceGenerator.swift */,
				A80A953F9591C81724BD06E5 /* GlobalHotKey.swift */,
				65E1A3EF965322B4219BF32B /* LocalCodexEventSource.swift */,
				895353A694E0B4559232CD57 /* LocalSpeechTranscriber.swift */,
				A00738D0FC54A58255D85E28 /* NotePersistenceStore.swift */,
				A42868A88B0012A796066256 /* PersistenceStore.swift */,
			);
			path = Services;
			sourceTree = "<group>";
		};
		7021E712CA9B9DB250EBDFC1 /* Core */ = {
			isa = PBXGroup;
			children = (
				B085EC2C529135E883334221 /* ApplicationModel.swift */,
				0E5F9291B413C5404424F197 /* AppSettings.swift */,
				0F9553D20875654558957CCC /* EventParser.swift */,
				48075AD716923D19D0CB402C /* FunVoiceModels.swift */,
				FE6F828E44DE79DC1B8CE48E /* Localization.swift */,
				07A405BA7B806E2DC02041EF /* Models.swift */,
				E40F22DDF27216AFE6E07924 /* NoteLibraryModel.swift */,
				45E2C798DC138F5A02EB30B1 /* NoteModels.swift */,
			);
			path = Core;
			sourceTree = "<group>";
		};
		8AAE708BEF7B9A4915C67BF2 /* CodexIslandTests */ = {
			isa = PBXGroup;
			children = (
				7766F6B062DAC8F355E2019F /* CodexForegroundPolicyTests.swift */,
				9C113A2227E789D7111F8FBC /* EventParserTests.swift */,
				4056EE308AE87425BF6C1446 /* NoteLibraryTests.swift */,
				EC72288885141106DBF78AFF /* TopBarGeometryTests.swift */,
			);
			name = CodexIslandTests;
			path = Tests/CodexIslandTests;
			sourceTree = "<group>";
		};
		BCD91BCF5C6694FAC4E1BE69 /* Resources */ = {
			isa = PBXGroup;
			children = (
				4D14BBC4E6050A5B09C6DD65 /* Assets.xcassets */,
				E63E0A18F389250C6239788E /* InfoPlist.xcstrings */,
				B4B7954A28308468DEDC90A6 /* Localizable.xcstrings */,
				D3C6AB3D542F3FF39D2D5982 /* PrivacyInfo.xcprivacy */,
			);
			path = Resources;
			sourceTree = "<group>";
		};
		D4CEDD99A90E29FC6EB0FFDD /* Products */ = {
			isa = PBXGroup;
			children = (
				BCAE230238A1E94C84656DD6 /* CodexIsland.app */,
				76387701D83D8864141755A4 /* CodexIslandTests.xctest */,
			);
			name = Products;
			sourceTree = "<group>";
		};
		D730C63676D943CBE3EB77CD = {
			isa = PBXGroup;
			children = (
				1E53B7F58DBBFEBB51D6535C /* CodexIsland */,
				8AAE708BEF7B9A4915C67BF2 /* CodexIslandTests */,
				BCD91BCF5C6694FAC4E1BE69 /* Resources */,
				D4CEDD99A90E29FC6EB0FFDD /* Products */,
			);
			sourceTree = "<group>";
		};
/* End PBXGroup section */

/* Begin PBXNativeTarget section */
		71AEBCD49D79CDCF7563ABC7 /* CodexIslandTests */ = {
			isa = PBXNativeTarget;
			buildConfigurationList = B337396BF449182259D527CD /* Build configuration list for PBXNativeTarget "CodexIslandTests" */;
			buildPhases = (
				FBB2A1B4C3CF1829CC4B67B1 /* Sources */,
			);
			buildRules = (
			);
			dependencies = (
				4615177F13440A4D6F64291F /* PBXTargetDependency */,
			);
			name = CodexIslandTests;
			packageProductDependencies = (
			);
			productName = CodexIslandTests;
			productReference = 76387701D83D8864141755A4 /* CodexIslandTests.xctest */;
			productType = "com.apple.product-type.bundle.unit-test";
		};
		C8197D31A7B52E81FE6ABF86 /* CodexIsland */ = {
			isa = PBXNativeTarget;
			buildConfigurationList = C075A8AD1DAF1A272EC542F6 /* Build configuration list for PBXNativeTarget "CodexIsland" */;
			buildPhases = (
				A9F24A9CD1CC045B528E651F /* Sources */,
				5E69531F814BA52F704E0DFA /* Resources */,
			);
			buildRules = (
			);
			dependencies = (
			);
			name = CodexIsland;
			packageProductDependencies = (
			);
			productName = CodexIsland;
			productReference = BCAE230238A1E94C84656DD6 /* CodexIsland.app */;
			productType = "com.apple.product-type.application";
		};
/* End PBXNativeTarget section */

/* Begin PBXProject section */
		DE57064614E774537C3ABE51 /* Project object */ = {
			isa = PBXProject;
			attributes = {
				BuildIndependentTargetsInParallel = YES;
				LastUpgradeCheck = 1640;
				TargetAttributes = {
					C8197D31A7B52E81FE6ABF86 = {
						ProvisioningStyle = Automatic;
					};
				};
			};
			buildConfigurationList = D5853F8A383F895348DD3C8A /* Build configuration list for PBXProject "CodexIsland" */;
			developmentRegion = "zh-Hans";
			hasScannedForEncodings = 0;
			knownRegions = (
				Base,
				"zh-Hans",
			);
			mainGroup = D730C63676D943CBE3EB77CD;
			minimizedProjectReferenceProxies = 1;
			preferredProjectObjectVersion = 77;
			productRefGroup = D4CEDD99A90E29FC6EB0FFDD /* Products */;
			projectDirPath = "";
			projectRoot = "";
			targets = (
				C8197D31A7B52E81FE6ABF86 /* CodexIsland */,
				71AEBCD49D79CDCF7563ABC7 /* CodexIslandTests */,
			);
		};
/* End PBXProject section */

/* Begin PBXResourcesBuildPhase section */
		5E69531F814BA52F704E0DFA /* Resources */ = {
			isa = PBXResourcesBuildPhase;
			buildActionMask = 2147483647;
			files = (
				ADA4A7C801FFC904EB14C946 /* Assets.xcassets in Resources */,
				E2CE9895BBEEFD4A92CDCBE3 /* InfoPlist.xcstrings in Resources */,
				120D1D23AF7D7A6ED4F9C30B /* Localizable.xcstrings in Resources */,
				95E71907ABFE292A5046DF03 /* PrivacyInfo.xcprivacy in Resources */,
			);
			runOnlyForDeploymentPostprocessing = 0;
		};
/* End PBXResourcesBuildPhase section */

/* Begin PBXSourcesBuildPhase section */
		A9F24A9CD1CC045B528E651F /* Sources */ = {
			isa = PBXSourcesBuildPhase;
			buildActionMask = 2147483647;
			files = (
				F5FBF9BA6AC4B8A74005F5EC /* AlertAudioRecorder.swift in Sources */,
				48BF0988B2DABDCFB60853FB /* AppDelegate.swift in Sources */,
				A2A9D95BD89F35FB2DD1D357 /* AppSettings.swift in Sources */,
				2612B148D9FEBCCACB6DEAC9 /* ApplicationModel.swift in Sources */,
				ADE8DFE651097BD87B4E7F09 /* AudioNotifier.swift in Sources */,
				DC91AFC688CD9C048466E36B /* CodexDataAccess.swift in Sources */,
				A0B33600C39F0FE98CDBE226 /* CodexDatabase.swift in Sources */,
				95B7116D40035E85AFF919AD /* CodexTodoDiscovery.swift in Sources */,
				E519912DA372DA005F8DE8A1 /* CodexTodoReviewView.swift in Sources */,
				1E26A1032467F343E81E4D3F /* CodexUsageClient.swift in Sources */,
				46481F9C22F218FF4126AA12 /* EventParser.swift in Sources */,
				4E156232B1F9ACD4E2BA39FD /* FunVoiceGenerator.swift in Sources */,
				D298299CA0E073EA5B2F16B0 /* FunVoiceModels.swift in Sources */,
				71F070C64DBCC3A84D4FF97D /* GlobalHotKey.swift in Sources */,
				8151A9AF95962D323E90B08B /* IslandView.swift in Sources */,
				86FF86B3C978E55BB74DF539 /* IslandWindowController.swift in Sources */,
				72D2031EC58EAE656E44E02D /* LocalCodexEventSource.swift in Sources */,
				A409393D43E796E6397CFE2F /* LocalSpeechTranscriber.swift in Sources */,
				B91355DADCD765AD7C3CDE7F /* Localization.swift in Sources */,
				12CC8BBF633E32843312794F /* Models.swift in Sources */,
				CC7543200EB60898DA44642D /* NoteLibraryModel.swift in Sources */,
				92C74B8001F7A1471AE816C6 /* NoteModels.swift in Sources */,
				D83EB079A1987E18F205DEDC /* NotePersistenceStore.swift in Sources */,
				895A9058AA92C02A424528DE /* NotesWorkspaceView.swift in Sources */,
				3A4D60E9EADBA78F463254CE /* PersistenceStore.swift in Sources */,
				2A3491980FF49B5044579D12 /* RichNoteEditor.swift in Sources */,
				DDBDEFFCA503D6E3F5406499 /* SettingsView.swift in Sources */,
			);
			runOnlyForDeploymentPostprocessing = 0;
		};
		FBB2A1B4C3CF1829CC4B67B1 /* Sources */ = {
			isa = PBXSourcesBuildPhase;
			buildActionMask = 2147483647;
			files = (
				6A46A8BF0B1187C8684A98B3 /* CodexForegroundPolicyTests.swift in Sources */,
				6F79947C274FF0968B67CB5E /* EventParserTests.swift in Sources */,
				A0133F4A5F30EDBF40D3343F /* NoteLibraryTests.swift in Sources */,
				49D65693E79C385DE347813C /* TopBarGeometryTests.swift in Sources */,
			);
			runOnlyForDeploymentPostprocessing = 0;
		};
/* End PBXSourcesBuildPhase section */

/* Begin PBXTargetDependency section */
		4615177F13440A4D6F64291F /* PBXTargetDependency */ = {
			isa = PBXTargetDependency;
			target = C8197D31A7B52E81FE6ABF86 /* CodexIsland */;
			targetProxy = 6F1999BBFBE21B33DC7DB192 /* PBXContainerItemProxy */;
		};
/* End PBXTargetDependency section */

/* Begin XCBuildConfiguration section */
		1134C3ADD8FEB9161D6EC1CE /* Debug */ = {
			isa = XCBuildConfiguration;
			buildSettings = {
				BUNDLE_LOADER = "$(TEST_HOST)";
				COMBINE_HIDPI_IMAGES = YES;
				GENERATE_INFOPLIST_FILE = YES;
				LD_RUNPATH_SEARCH_PATHS = (
					"$(inherited)",
					"@executable_path/../Frameworks",
					"@loader_path/../Frameworks",
				);
				PRODUCT_BUNDLE_IDENTIFIER = com.tinyray.halofold.tests;
				SDKROOT = macosx;
				TEST_HOST = "$(BUILT_PRODUCTS_DIR)/Halofold.app/Contents/MacOS/Halofold";
			};
			name = Debug;
		};
		1A15C3620E7BFB8AF58A2CF0 /* Debug */ = {
			isa = XCBuildConfiguration;
			buildSettings = {
				ASSETCATALOG_COMPILER_APPICON_NAME = AppIcon;
				CODE_SIGN_ENTITLEMENTS = Resources/CodexIsland.entitlements;
				CODE_SIGN_IDENTITY = "-";
				CODE_SIGN_STYLE = Automatic;
				COMBINE_HIDPI_IMAGES = YES;
				CURRENT_PROJECT_VERSION = 8;
				DEVELOPMENT_LANGUAGE = "zh-Hans";
				ENABLE_APP_SANDBOX = NO;
				GENERATE_INFOPLIST_FILE = NO;
				INFOPLIST_FILE = Resources/Info.plist;
				LD_RUNPATH_SEARCH_PATHS = "$(inherited) @executable_path/../Frameworks";
				MARKETING_VERSION = 1.0.7;
				OTHER_LDFLAGS = "$(inherited) -lsqlite3";
				PRODUCT_BUNDLE_IDENTIFIER = com.tinyray.halofold;
				PRODUCT_MODULE_NAME = CodexIsland;
				PRODUCT_NAME = Halofold;
				SDKROOT = macosx;
				SWIFT_INCLUDE_PATHS = "$(PROJECT_DIR)/Sources/CSQLite";
			};
			name = Debug;
		};
		4411D2016519C94514D63941 /* Release */ = {
			isa = XCBuildConfiguration;
			buildSettings = {
				ASSETCATALOG_COMPILER_APPICON_NAME = AppIcon;
				CODE_SIGN_ENTITLEMENTS = Resources/CodexIsland.entitlements;
				CODE_SIGN_STYLE = Automatic;
				COMBINE_HIDPI_IMAGES = YES;
				CURRENT_PROJECT_VERSION = 8;
				DEVELOPMENT_LANGUAGE = "zh-Hans";
				ENABLE_APP_SANDBOX = NO;
				GENERATE_INFOPLIST_FILE = NO;
				INFOPLIST_FILE = Resources/Info.plist;
				LD_RUNPATH_SEARCH_PATHS = "$(inherited) @executable_path/../Frameworks";
				MARKETING_VERSION = 1.0.7;
				OTHER_LDFLAGS = "$(inherited) -lsqlite3";
				PRODUCT_BUNDLE_IDENTIFIER = com.tinyray.halofold;
				PRODUCT_MODULE_NAME = CodexIsland;
				PRODUCT_NAME = Halofold;
				SDKROOT = macosx;
				SWIFT_INCLUDE_PATHS = "$(PROJECT_DIR)/Sources/CSQLite";
				SWIFT_OPTIMIZATION_LEVEL = "-O";
			};
			name = Release;
		};
		4E87CDF3BFE97EB97C8C2049 /* Release */ = {
			isa = XCBuildConfiguration;
			buildSettings = {
				BUNDLE_LOADER = "$(TEST_HOST)";
				COMBINE_HIDPI_IMAGES = YES;
				GENERATE_INFOPLIST_FILE = YES;
				LD_RUNPATH_SEARCH_PATHS = (
					"$(inherited)",
					"@executable_path/../Frameworks",
					"@loader_path/../Frameworks",
				);
				PRODUCT_BUNDLE_IDENTIFIER = com.tinyray.halofold.tests;
				SDKROOT = macosx;
				TEST_HOST = "$(BUILT_PRODUCTS_DIR)/Halofold.app/Contents/MacOS/Halofold";
			};
			name = Release;
		};
		B279E340215FA62930CF5558 /* Release */ = {
			isa = XCBuildConfiguration;
			buildSettings = {
				ALWAYS_SEARCH_USER_PATHS = NO;
				CLANG_ANALYZER_NONNULL = YES;
				CLANG_ANALYZER_NUMBER_OBJECT_CONVERSION = YES_AGGRESSIVE;
				CLANG_CXX_LANGUAGE_STANDARD = "gnu++14";
				CLANG_CXX_LIBRARY = "libc++";
				CLANG_ENABLE_MODULES = YES;
				CLANG_ENABLE_OBJC_ARC = YES;
				CLANG_ENABLE_OBJC_WEAK = YES;
				CLANG_WARN_BLOCK_CAPTURE_AUTORELEASING = YES;
				CLANG_WARN_BOOL_CONVERSION = YES;
				CLANG_WARN_COMMA = YES;
				CLANG_WARN_CONSTANT_CONVERSION = YES;
				CLANG_WARN_DEPRECATED_OBJC_IMPLEMENTATIONS = YES;
				CLANG_WARN_DIRECT_OBJC_ISA_USAGE = YES_ERROR;
				CLANG_WARN_DOCUMENTATION_COMMENTS = YES;
				CLANG_WARN_EMPTY_BODY = YES;
				CLANG_WARN_ENUM_CONVERSION = YES;
				CLANG_WARN_INFINITE_RECURSION = YES;
				CLANG_WARN_INT_CONVERSION = YES;
				CLANG_WARN_NON_LITERAL_NULL_CONVERSION = YES;
				CLANG_WARN_OBJC_IMPLICIT_RETAIN_SELF = YES;
				CLANG_WARN_OBJC_LITERAL_CONVERSION = YES;
				CLANG_WARN_OBJC_ROOT_CLASS = YES_ERROR;
				CLANG_WARN_QUOTED_INCLUDE_IN_FRAMEWORK_HEADER = YES;
				CLANG_WARN_RANGE_LOOP_ANALYSIS = YES;
				CLANG_WARN_STRICT_PROTOTYPES = YES;
				CLANG_WARN_SUSPICIOUS_MOVE = YES;
				CLANG_WARN_UNGUARDED_AVAILABILITY = YES_AGGRESSIVE;
				CLANG_WARN_UNREACHABLE_CODE = YES;
				CLANG_WARN__DUPLICATE_METHOD_MATCH = YES;
				COPY_PHASE_STRIP = NO;
				DEBUG_INFORMATION_FORMAT = "dwarf-with-dsym";
				ENABLE_NS_ASSERTIONS = NO;
				ENABLE_STRICT_OBJC_MSGSEND = YES;
				GCC_C_LANGUAGE_STANDARD = gnu11;
				GCC_NO_COMMON_BLOCKS = YES;
				GCC_WARN_64_TO_32_BIT_CONVERSION = YES;
				GCC_WARN_ABOUT_RETURN_TYPE = YES_ERROR;
				GCC_WARN_UNDECLARED_SELECTOR = YES;
				GCC_WARN_UNINITIALIZED_AUTOS = YES_AGGRESSIVE;
				GCC_WARN_UNUSED_FUNCTION = YES;
				GCC_WARN_UNUSED_VARIABLE = YES;
				MACOSX_DEPLOYMENT_TARGET = 14.0;
				MTL_ENABLE_DEBUG_INFO = NO;
				MTL_FAST_MATH = YES;
				PRODUCT_NAME = "$(TARGET_NAME)";
				SDKROOT = macosx;
				SWIFT_COMPILATION_MODE = wholemodule;
				SWIFT_OPTIMIZATION_LEVEL = "-O";
				SWIFT_VERSION = 5.0;
			};
			name = Release;
		};
		FE7BB74A360741CFAAFF0459 /* Debug */ = {
			isa = XCBuildConfiguration;
			buildSettings = {
				ALWAYS_SEARCH_USER_PATHS = NO;
				CLANG_ANALYZER_NONNULL = YES;
				CLANG_ANALYZER_NUMBER_OBJECT_CONVERSION = YES_AGGRESSIVE;
				CLANG_CXX_LANGUAGE_STANDARD = "gnu++14";
				CLANG_CXX_LIBRARY = "libc++";
				CLANG_ENABLE_MODULES = YES;
				CLANG_ENABLE_OBJC_ARC = YES;
				CLANG_ENABLE_OBJC_WEAK = YES;
				CLANG_WARN_BLOCK_CAPTURE_AUTORELEASING = YES;
				CLANG_WARN_BOOL_CONVERSION = YES;
				CLANG_WARN_COMMA = YES;
				CLANG_WARN_CONSTANT_CONVERSION = YES;
				CLANG_WARN_DEPRECATED_OBJC_IMPLEMENTATIONS = YES;
				CLANG_WARN_DIRECT_OBJC_ISA_USAGE = YES_ERROR;
				CLANG_WARN_DOCUMENTATION_COMMENTS = YES;
				CLANG_WARN_EMPTY_BODY = YES;
				CLANG_WARN_ENUM_CONVERSION = YES;
				CLANG_WARN_INFINITE_RECURSION = YES;
				CLANG_WARN_INT_CONVERSION = YES;
				CLANG_WARN_NON_LITERAL_NULL_CONVERSION = YES;
				CLANG_WARN_OBJC_IMPLICIT_RETAIN_SELF = YES;
				CLANG_WARN_OBJC_LITERAL_CONVERSION = YES;
				CLANG_WARN_OBJC_ROOT_CLASS = YES_ERROR;
				CLANG_WARN_QUOTED_INCLUDE_IN_FRAMEWORK_HEADER = YES;
				CLANG_WARN_RANGE_LOOP_ANALYSIS = YES;
				CLANG_WARN_STRICT_PROTOTYPES = YES;
				CLANG_WARN_SUSPICIOUS_MOVE = YES;
				CLANG_WARN_UNGUARDED_AVAILABILITY = YES_AGGRESSIVE;
				CLANG_WARN_UNREACHABLE_CODE = YES;
				CLANG_WARN__DUPLICATE_METHOD_MATCH = YES;
				COPY_PHASE_STRIP = NO;
				DEBUG_INFORMATION_FORMAT = dwarf;
				ENABLE_STRICT_OBJC_MSGSEND = YES;
				ENABLE_TESTABILITY = YES;
				GCC_C_LANGUAGE_STANDARD = gnu11;
				GCC_DYNAMIC_NO_PIC = NO;
				GCC_NO_COMMON_BLOCKS = YES;
				GCC_OPTIMIZATION_LEVEL = 0;
				GCC_PREPROCESSOR_DEFINITIONS = (
					"$(inherited)",
					"DEBUG=1",
				);
				GCC_WARN_64_TO_32_BIT_CONVERSION = YES;
				GCC_WARN_ABOUT_RETURN_TYPE = YES_ERROR;
				GCC_WARN_UNDECLARED_SELECTOR = YES;
				GCC_WARN_UNINITIALIZED_AUTOS = YES_AGGRESSIVE;
				GCC_WARN_UNUSED_FUNCTION = YES;
				GCC_WARN_UNUSED_VARIABLE = YES;
				MACOSX_DEPLOYMENT_TARGET = 14.0;
				MTL_ENABLE_DEBUG_INFO = INCLUDE_SOURCE;
				MTL_FAST_MATH = YES;
				ONLY_ACTIVE_ARCH = YES;
				PRODUCT_NAME = "$(TARGET_NAME)";
				SDKROOT = macosx;
				SWIFT_ACTIVE_COMPILATION_CONDITIONS = DEBUG;
				SWIFT_OPTIMIZATION_LEVEL = "-Onone";
				SWIFT_VERSION = 5.0;
			};
			name = Debug;
		};
/* End XCBuildConfiguration section */

/* Begin XCConfigurationList section */
		B337396BF449182259D527CD /* Build configuration list for PBXNativeTarget "CodexIslandTests" */ = {
			isa = XCConfigurationList;
			buildConfigurations = (
				1134C3ADD8FEB9161D6EC1CE /* Debug */,
				4E87CDF3BFE97EB97C8C2049 /* Release */,
			);
			defaultConfigurationIsVisible = 0;
			defaultConfigurationName = Debug;
		};
		C075A8AD1DAF1A272EC542F6 /* Build configuration list for PBXNativeTarget "CodexIsland" */ = {
			isa = XCConfigurationList;
			buildConfigurations = (
				1A15C3620E7BFB8AF58A2CF0 /* Debug */,
				4411D2016519C94514D63941 /* Release */,
			);
			defaultConfigurationIsVisible = 0;
			defaultConfigurationName = Debug;
		};
		D5853F8A383F895348DD3C8A /* Build configuration list for PBXProject "CodexIsland" */ = {
			isa = XCConfigurationList;
			buildConfigurations = (
				FE7BB74A360741CFAAFF0459 /* Debug */,
				B279E340215FA62930CF5558 /* Release */,
			);
			defaultConfigurationIsVisible = 0;
			defaultConfigurationName = Debug;
		};
/* End XCConfigurationList section */
	};
	rootObject = DE57064614E774537C3ABE51 /* Project object */;
}
